
Microsoft Visual Studio Solution File, Format Version 12.00
Project("{2150E333-8FDC-42A3-9474-1A3956D46DE8}") = "src", "src", "{86699FE9-E114-4A14-9FFF-BDEF745FA709}"
EndProject
Project("{FAE04EC0-301F-11D3-BF4B-00C04F79EFBC}") = "CollectionInitializers", "src\CollectionInitializers\CollectionInitializers.csproj", "{A0DEABC7-A25C-44ED-B60B-D1E8FC6065A7}"
EndProject
Project("{2150E333-8FDC-42A3-9474-1A3956D46DE8}") = "Solution Items", "Solution Items", "{4BA5A6E2-1EA7-4D44-8FC9-E1662D5FD3D1}"
	ProjectSection(SolutionItems) = preProject
		..\.editorconfig = ..\.editorconfig
		..\.gitignore = ..\.gitignore
		README.md = README.md
	EndProjectSection
EndProject
Global
	GlobalSection(SolutionConfigurationPlatforms) = preSolution
		Debug|Any CPU = Debug|Any CPU
		Release|Any CPU = Release|Any CPU
	EndGlobalSection
	GlobalSection(ProjectConfigurationPlatforms) = postSolution
		{A0DEABC7-A25C-44ED-B60B-D1E8FC6065A7}.Debug|Any CPU.ActiveCfg = Debug|Any CPU
		{A0DEABC7-A25C-44ED-B60B-D1E8FC6065A7}.Debug|Any CPU.Build.0 = Debug|Any CPU
		{A0DEABC7-A25C-44ED-B60B-D1E8FC6065A7}.Release|Any CPU.ActiveCfg = Release|Any CPU
		{A0DEABC7-A25C-44ED-B60B-D1E8FC6065A7}.Release|Any CPU.Build.0 = Release|Any CPU
	EndGlobalSection
	GlobalSection(SolutionProperties) = preSolution
		HideSolutionNode = FALSE
	EndGlobalSection
	GlobalSection(NestedProjects) = preSolution
		{A0DEABC7-A25C-44ED-B60B-D1E8FC6065A7} = {86699FE9-E114-4A14-9FFF-BDEF745FA709}
	EndGlobalSection
	GlobalSection(ExtensibilityGlobals) = postSolution
		SolutionGuid = {6D5F6468-4C55-41DE-8D90-616199FBA764}
	EndGlobalSection
EndGlobal
