Microsoft Visual Studio Solution File, Format Version 12.00
Project("{2150E333-8FDC-42A3-9474-1A3956D46DE8}") = "src", "src", "{6D27C22A-D659-47A2-8D67-D176F2665A8F}"
EndProject
Project("{9A19103F-16F7-4668-BE54-9A1E7A4F7556}") = "BitManipulations", "src\BitManipulations\BitManipulations.csproj", "{4F931CBC-3E8D-4455-9EFA-A8341C920BC0}"
EndProject
Project("{2150E333-8FDC-42A3-9474-1A3956D46DE8}") = "Solution Items", "Solution Items", "{979670DA-4AB2-4DF8-85B9-D9837E80DC58}"
	ProjectSection(SolutionItems) = preProject
		..\.editorconfig = ..\.editorconfig
		..\.gitattributes = ..\.gitattributes
		..\.gitignore = ..\.gitignore
		..\exclusion.dic = ..\exclusion.dic
		..\LICENSE.md = ..\LICENSE.md
		README.md = README.md
	EndProjectSection
EndProject
Global
	GlobalSection(SolutionConfigurationPlatforms) = preSolution
		Debug|Any CPU = Debug|Any CPU
		Release|Any CPU = Release|Any CPU
	EndGlobalSection
	GlobalSection(ProjectConfigurationPlatforms) = postSolution
		{4F931CBC-3E8D-4455-9EFA-A8341C920BC0}.Debug|Any CPU.ActiveCfg = Debug|Any CPU
		{4F931CBC-3E8D-4455-9EFA-A8341C920BC0}.Debug|Any CPU.Build.0 = Debug|Any CPU
		{4F931CBC-3E8D-4455-9EFA-A8341C920BC0}.Release|Any CPU.ActiveCfg = Release|Any CPU
		{4F931CBC-3E8D-4455-9EFA-A8341C920BC0}.Release|Any CPU.Build.0 = Release|Any CPU
	EndGlobalSection
	GlobalSection(SolutionProperties) = preSolution
		HideSolutionNode = FALSE
	EndGlobalSection
	GlobalSection(NestedProjects) = preSolution
		{4F931CBC-3E8D-4455-9EFA-A8341C920BC0} = {6D27C22A-D659-47A2-8D67-D176F2665A8F}
	EndGlobalSection
	GlobalSection(ExtensibilityGlobals) = postSolution
		SolutionGuid = {66D02EE5-920E-48D7-A9D7-7C13058E036F}
	EndGlobalSection
EndGlobal
